PODS:
  - Alamofire (4.8.1)
  - CYLTabBarController (1.17.23)
  - HandyJSON (4.2.1)
  - Kingfisher (4.10.1)
  - Moya (11.0.2):
    - Moya/Core (= 11.0.2)
  - Moya/Core (11.0.2):
    - Alamofire (~> 4.1)
    - Result (~> 3.0)
  - MYLCommonUI (0.0.7)
  - Result (3.2.4)
  - SnapKit (4.0.1)
  - SVProgressHUD (2.2.5)
  - SwiftLint (0.31.0)
  - Toast (4.0.0)
  - URLNavigator (2.1.0)

DEPENDENCIES:
  - Alamofire
  - CYLTabBarController (~> 1.17.21)
  - HandyJSON
  - Kingfisher (~> 4.10.1)
  - Moya (~> 11.0)
  - MYLCommonUI
  - SnapKit (~> 4.0.0)
  - SVProgressHUD
  - SwiftLint
  - Toast (~> 4.0.0)
  - URLNavigator

SPEC REPOS:
  https://github.com/cocoapods/specs.git:
    - Alamofire
    - CYLTabBarController
    - HandyJSON
    - Kingfisher
    - Moya
    - MYLCommonUI
    - Result
    - SnapKit
    - SVProgressHUD
    - SwiftLint
    - Toast
    - URLNavigator

SPEC CHECKSUMS:
  Alamofire: 16ce2c353fb72865124ddae8a57c5942388f4f11
  CYLTabBarController: 73889c1ccc7685221d85ac2dbf188900543f17d0
  HandyJSON: d0c5fc80204f29056d59d3e5c4587fa0b16b60a8
  Kingfisher: c148cd7b47ebde9989f6bc7c27dcaa79d81279a0
  Moya: a725035953bc1c0eb1be505ab903984501d82440
  MYLCommonUI: f5dd6a249a11004c1b545d98a7ac1cedb8f27587
  Result: d2d07204ce72856f1fd9130bbe42c35a7b0fea10
  SnapKit: 0de968a9fec17499afa29683b05d0c775b6d1c29
  SVProgressHUD: 1428aafac632c1f86f62aa4243ec12008d7a51d6
  SwiftLint: 7a0227733d786395817373b2d0ca799fd0093ff3
  Toast: 91b396c56ee72a5790816f40d3a94dd357abc196
  URLNavigator: e8cea3835b3456d7876eb728831e742273c8d209

PODFILE CHECKSUM: 78c2c5eb284d51d616cb9f9bfe62912240f54b7d

COCOAPODS: 1.5.3
