// !$*UTF8*$!
{
	archiveVersion = 1;
	classes = {
	};
	objectVersion = 50;
	objects = {

/* Begin PBXBuildFile section */
		279438EB21A6509E0066E7F5 /* AppDelegate.swift in Sources */ = {isa = PBXBuildFile; fileRef = 279438EA21A6509E0066E7F5 /* AppDelegate.swift */; };
		279438F021A6509E0066E7F5 /* Main.storyboard in Resources */ = {isa = PBXBuildFile; fileRef = 279438EE21A6509E0066E7F5 /* Main.storyboard */; };
		279438F221A650A20066E7F5 /* Assets.xcassets in Resources */ = {isa = PBXBuildFile; fileRef = 279438F121A650A20066E7F5 /* Assets.xcassets */; };
		279438F521A650A20066E7F5 /* LaunchScreen.storyboard in Resources */ = {isa = PBXBuildFile; fileRef = 279438F321A650A20066E7F5 /* LaunchScreen.storyboard */; };
		2794390021A650A20066E7F5 /* WantToGoTests.swift in Sources */ = {isa = PBXBuildFile; fileRef = 279438FF21A650A20066E7F5 /* WantToGoTests.swift */; };
		2794390B21A650A20066E7F5 /* WantToGoUITests.swift in Sources */ = {isa = PBXBuildFile; fileRef = 2794390A21A650A20066E7F5 /* WantToGoUITests.swift */; };
		2794391D21A657AA0066E7F5 /* WGViewController.swift in Sources */ = {isa = PBXBuildFile; fileRef = 2794391C21A657AA0066E7F5 /* WGViewController.swift */; };
		2794391F21A657BA0066E7F5 /* WGView.swift in Sources */ = {isa = PBXBuildFile; fileRef = 2794391E21A657BA0066E7F5 /* WGView.swift */; };
		2794392121A657D80066E7F5 /* MYLCardPageView.swift in Sources */ = {isa = PBXBuildFile; fileRef = 2794392021A657D80066E7F5 /* MYLCardPageView.swift */; };
		2794392321A690350066E7F5 /* MYLCardCollectionFlowLayout.swift in Sources */ = {isa = PBXBuildFile; fileRef = 2794392221A690350066E7F5 /* MYLCardCollectionFlowLayout.swift */; };
		2794392621A7D2EA0066E7F5 /* NSString+Extension.swift in Sources */ = {isa = PBXBuildFile; fileRef = 2794392521A7D2EA0066E7F5 /* NSString+Extension.swift */; };
		2794392921A802070066E7F5 /* NetworkAPI.swift in Sources */ = {isa = PBXBuildFile; fileRef = 2794392821A802070066E7F5 /* NetworkAPI.swift */; };
		2794392B21A802170066E7F5 /* NetworkManager.swift in Sources */ = {isa = PBXBuildFile; fileRef = 2794392A21A802170066E7F5 /* NetworkManager.swift */; };
		2794392D21A802620066E7F5 /* NetworkConfig.swift in Sources */ = {isa = PBXBuildFile; fileRef = 2794392C21A802620066E7F5 /* NetworkConfig.swift */; };
		2794393021A931FF0066E7F5 /* Logic.swift in Sources */ = {isa = PBXBuildFile; fileRef = 2794392F21A931FF0066E7F5 /* Logic.swift */; };
		2794393321A940AB0066E7F5 /* MYLProgressHUD.swift in Sources */ = {isa = PBXBuildFile; fileRef = 2794393221A940AB0066E7F5 /* MYLProgressHUD.swift */; };
		2794393721A9476E0066E7F5 /* HomeTopicModel.swift in Sources */ = {isa = PBXBuildFile; fileRef = 2794393621A9476E0066E7F5 /* HomeTopicModel.swift */; };
		2794393921A958E60066E7F5 /* WGModel.swift in Sources */ = {isa = PBXBuildFile; fileRef = 2794393821A958E50066E7F5 /* WGModel.swift */; };
		2794393B21AA91C50066E7F5 /* WGWebViewController.swift in Sources */ = {isa = PBXBuildFile; fileRef = 2794393A21AA91C50066E7F5 /* WGWebViewController.swift */; };
		2794393D21AAA4660066E7F5 /* MainTabBarController.swift in Sources */ = {isa = PBXBuildFile; fileRef = 2794393C21AAA4660066E7F5 /* MainTabBarController.swift */; };
		2794393F21AAA74D0066E7F5 /* WGNavigationController.swift in Sources */ = {isa = PBXBuildFile; fileRef = 2794393E21AAA74D0066E7F5 /* WGNavigationController.swift */; };
		2794394121AAAA8A0066E7F5 /* UIColor+Extention.swift in Sources */ = {isa = PBXBuildFile; fileRef = 2794394021AAAA8A0066E7F5 /* UIColor+Extention.swift */; };
		2797B07E21AB85CB00D47643 /* WGThemeViewController.swift in Sources */ = {isa = PBXBuildFile; fileRef = 2797B07D21AB85CB00D47643 /* WGThemeViewController.swift */; };
		2797B08121ACEB6D00D47643 /* WGConstants.swift in Sources */ = {isa = PBXBuildFile; fileRef = 2797B08021ACEB6C00D47643 /* WGConstants.swift */; };
		2797B08721AD1D2600D47643 /* MineViewController.swift in Sources */ = {isa = PBXBuildFile; fileRef = 2797B08621AD1D2600D47643 /* MineViewController.swift */; };
		2797B08921AD1DC800D47643 /* GuangViewController.swift in Sources */ = {isa = PBXBuildFile; fileRef = 2797B08821AD1DC800D47643 /* GuangViewController.swift */; };
		2797B08B21AD1DD200D47643 /* TaViewController.swift in Sources */ = {isa = PBXBuildFile; fileRef = 2797B08A21AD1DD200D47643 /* TaViewController.swift */; };
		2797B08D21AD1DDE00D47643 /* DesignerViewController.swift in Sources */ = {isa = PBXBuildFile; fileRef = 2797B08C21AD1DDE00D47643 /* DesignerViewController.swift */; };
		EE919EE4C2188EF944E89122 /* Pods_WantToGo.framework in Frameworks */ = {isa = PBXBuildFile; fileRef = 180CD2991513CE0E96F9242E /* Pods_WantToGo.framework */; };
/* End PBXBuildFile section */

/* Begin PBXContainerItemProxy section */
		279438FC21A650A20066E7F5 /* PBXContainerItemProxy */ = {
			isa = PBXContainerItemProxy;
			containerPortal = 279438DF21A6509E0066E7F5 /* Project object */;
			proxyType = 1;
			remoteGlobalIDString = 279438E621A6509E0066E7F5;
			remoteInfo = WantToGo;
		};
		2794390721A650A20066E7F5 /* PBXContainerItemProxy */ = {
			isa = PBXContainerItemProxy;
			containerPortal = 279438DF21A6509E0066E7F5 /* Project object */;
			proxyType = 1;
			remoteGlobalIDString = 279438E621A6509E0066E7F5;
			remoteInfo = WantToGo;
		};
/* End PBXContainerItemProxy section */

/* Begin PBXFileReference section */
		180CD2991513CE0E96F9242E /* Pods_WantToGo.framework */ = {isa = PBXFileReference; explicitFileType = wrapper.framework; includeInIndex = 0; path = Pods_WantToGo.framework; sourceTree = BUILT_PRODUCTS_DIR; };
		279438E721A6509E0066E7F5 /* WantToGo.app */ = {isa = PBXFileReference; explicitFileType = wrapper.application; includeInIndex = 0; path = WantToGo.app; sourceTree = BUILT_PRODUCTS_DIR; };
		279438EA21A6509E0066E7F5 /* AppDelegate.swift */ = {isa = PBXFileReference; lastKnownFileType = sourcecode.swift; path = AppDelegate.swift; sourceTree = "<group>"; };
		279438EF21A6509E0066E7F5 /* Base */ = {isa = PBXFileReference; lastKnownFileType = file.storyboard; name = Base; path = Base.lproj/Main.storyboard; sourceTree = "<group>"; };
		279438F121A650A20066E7F5 /* Assets.xcassets */ = {isa = PBXFileReference; lastKnownFileType = folder.assetcatalog; path = Assets.xcassets; sourceTree = "<group>"; };
		279438F421A650A20066E7F5 /* Base */ = {isa = PBXFileReference; lastKnownFileType = file.storyboard; name = Base; path = Base.lproj/LaunchScreen.storyboard; sourceTree = "<group>"; };
		279438F621A650A20066E7F5 /* Info.plist */ = {isa = PBXFileReference; lastKnownFileType = text.plist.xml; path = Info.plist; sourceTree = "<group>"; };
		279438FB21A650A20066E7F5 /* WantToGoTests.xctest */ = {isa = PBXFileReference; explicitFileType = wrapper.cfbundle; includeInIndex = 0; path = WantToGoTests.xctest; sourceTree = BUILT_PRODUCTS_DIR; };
		279438FF21A650A20066E7F5 /* WantToGoTests.swift */ = {isa = PBXFileReference; lastKnownFileType = sourcecode.swift; path = WantToGoTests.swift; sourceTree = "<group>"; };
		2794390121A650A20066E7F5 /* Info.plist */ = {isa = PBXFileReference; lastKnownFileType = text.plist.xml; path = Info.plist; sourceTree = "<group>"; };
		2794390621A650A20066E7F5 /* WantToGoUITests.xctest */ = {isa = PBXFileReference; explicitFileType = wrapper.cfbundle; includeInIndex = 0; path = WantToGoUITests.xctest; sourceTree = BUILT_PRODUCTS_DIR; };
		2794390A21A650A20066E7F5 /* WantToGoUITests.swift */ = {isa = PBXFileReference; lastKnownFileType = sourcecode.swift; path = WantToGoUITests.swift; sourceTree = "<group>"; };
		2794390C21A650A20066E7F5 /* Info.plist */ = {isa = PBXFileReference; lastKnownFileType = text.plist.xml; path = Info.plist; sourceTree = "<group>"; };
		2794391C21A657AA0066E7F5 /* WGViewController.swift */ = {isa = PBXFileReference; lastKnownFileType = sourcecode.swift; path = WGViewController.swift; sourceTree = "<group>"; };
		2794391E21A657BA0066E7F5 /* WGView.swift */ = {isa = PBXFileReference; lastKnownFileType = sourcecode.swift; path = WGView.swift; sourceTree = "<group>"; };
		2794392021A657D80066E7F5 /* MYLCardPageView.swift */ = {isa = PBXFileReference; lastKnownFileType = sourcecode.swift; path = MYLCardPageView.swift; sourceTree = "<group>"; };
		2794392221A690350066E7F5 /* MYLCardCollectionFlowLayout.swift */ = {isa = PBXFileReference; lastKnownFileType = sourcecode.swift; path = MYLCardCollectionFlowLayout.swift; sourceTree = "<group>"; };
		2794392521A7D2EA0066E7F5 /* NSString+Extension.swift */ = {isa = PBXFileReference; lastKnownFileType = sourcecode.swift; path = "NSString+Extension.swift"; sourceTree = "<group>"; };
		2794392821A802070066E7F5 /* NetworkAPI.swift */ = {isa = PBXFileReference; lastKnownFileType = sourcecode.swift; path = NetworkAPI.swift; sourceTree = "<group>"; };
		2794392A21A802170066E7F5 /* NetworkManager.swift */ = {isa = PBXFileReference; lastKnownFileType = sourcecode.swift; path = NetworkManager.swift; sourceTree = "<group>"; };
		2794392C21A802620066E7F5 /* NetworkConfig.swift */ = {isa = PBXFileReference; lastKnownFileType = sourcecode.swift; path = NetworkConfig.swift; sourceTree = "<group>"; };
		2794392E21A930C50066E7F5 /* PrefixHeader.pch */ = {isa = PBXFileReference; lastKnownFileType = sourcecode.c.h; path = PrefixHeader.pch; sourceTree = "<group>"; };
		2794392F21A931FF0066E7F5 /* Logic.swift */ = {isa = PBXFileReference; lastKnownFileType = sourcecode.swift; path = Logic.swift; sourceTree = "<group>"; };
		2794393221A940AB0066E7F5 /* MYLProgressHUD.swift */ = {isa = PBXFileReference; lastKnownFileType = sourcecode.swift; path = MYLProgressHUD.swift; sourceTree = "<group>"; };
		2794393621A9476E0066E7F5 /* HomeTopicModel.swift */ = {isa = PBXFileReference; lastKnownFileType = sourcecode.swift; path = HomeTopicModel.swift; sourceTree = "<group>"; };
		2794393821A958E50066E7F5 /* WGModel.swift */ = {isa = PBXFileReference; lastKnownFileType = sourcecode.swift; path = WGModel.swift; sourceTree = "<group>"; };
		2794393A21AA91C50066E7F5 /* WGWebViewController.swift */ = {isa = PBXFileReference; lastKnownFileType = sourcecode.swift; path = WGWebViewController.swift; sourceTree = "<group>"; };
		2794393C21AAA4660066E7F5 /* MainTabBarController.swift */ = {isa = PBXFileReference; lastKnownFileType = sourcecode.swift; path = MainTabBarController.swift; sourceTree = "<group>"; };
		2794393E21AAA74D0066E7F5 /* WGNavigationController.swift */ = {isa = PBXFileReference; lastKnownFileType = sourcecode.swift; path = WGNavigationController.swift; sourceTree = "<group>"; };
		2794394021AAAA8A0066E7F5 /* UIColor+Extention.swift */ = {isa = PBXFileReference; lastKnownFileType = sourcecode.swift; path = "UIColor+Extention.swift"; sourceTree = "<group>"; };
		2797B07D21AB85CB00D47643 /* WGThemeViewController.swift */ = {isa = PBXFileReference; lastKnownFileType = sourcecode.swift; path = WGThemeViewController.swift; sourceTree = "<group>"; };
		2797B08021ACEB6C00D47643 /* WGConstants.swift */ = {isa = PBXFileReference; lastKnownFileType = sourcecode.swift; path = WGConstants.swift; sourceTree = "<group>"; };
		2797B08621AD1D2600D47643 /* MineViewController.swift */ = {isa = PBXFileReference; lastKnownFileType = sourcecode.swift; path = MineViewController.swift; sourceTree = "<group>"; };
		2797B08821AD1DC800D47643 /* GuangViewController.swift */ = {isa = PBXFileReference; lastKnownFileType = sourcecode.swift; path = GuangViewController.swift; sourceTree = "<group>"; };
		2797B08A21AD1DD200D47643 /* TaViewController.swift */ = {isa = PBXFileReference; lastKnownFileType = sourcecode.swift; path = TaViewController.swift; sourceTree = "<group>"; };
		2797B08C21AD1DDE00D47643 /* DesignerViewController.swift */ = {isa = PBXFileReference; lastKnownFileType = sourcecode.swift; path = DesignerViewController.swift; sourceTree = "<group>"; };
		45F6EC93358A37B138BE3108 /* Pods-WantToGo.release.xcconfig */ = {isa = PBXFileReference; includeInIndex = 1; lastKnownFileType = text.xcconfig; name = "Pods-WantToGo.release.xcconfig"; path = "Pods/Target Support Files/Pods-WantToGo/Pods-WantToGo.release.xcconfig"; sourceTree = "<group>"; };
		9DE31279E3B54345098F3A81 /* Pods-WantToGo.debug.xcconfig */ = {isa = PBXFileReference; includeInIndex = 1; lastKnownFileType = text.xcconfig; name = "Pods-WantToGo.debug.xcconfig"; path = "Pods/Target Support Files/Pods-WantToGo/Pods-WantToGo.debug.xcconfig"; sourceTree = "<group>"; };
/* End PBXFileReference section */

/* Begin PBXFrameworksBuildPhase section */
		279438E421A6509E0066E7F5 /* Frameworks */ = {
			isa = PBXFrameworksBuildPhase;
			buildActionMask = 2147483647;
			files = (
				EE919EE4C2188EF944E89122 /* Pods_WantToGo.framework in Frameworks */,
			);
			runOnlyForDeploymentPostprocessing = 0;
		};
		279438F821A650A20066E7F5 /* Frameworks */ = {
			isa = PBXFrameworksBuildPhase;
			buildActionMask = 2147483647;
			files = (
			);
			runOnlyForDeploymentPostprocessing = 0;
		};
		2794390321A650A20066E7F5 /* Frameworks */ = {
			isa = PBXFrameworksBuildPhase;
			buildActionMask = 2147483647;
			files = (
			);
			runOnlyForDeploymentPostprocessing = 0;
		};
/* End PBXFrameworksBuildPhase section */

/* Begin PBXGroup section */
		279438DE21A6509E0066E7F5 = {
			isa = PBXGroup;
			children = (
				279438E921A6509E0066E7F5 /* WantToGo */,
				279438FE21A650A20066E7F5 /* WantToGoTests */,
				2794390921A650A20066E7F5 /* WantToGoUITests */,
				279438E821A6509E0066E7F5 /* Products */,
				65C17CC0A77246EC042E3731 /* Pods */,
				990DC87642DD1788D6EFCADA /* Frameworks */,
			);
			sourceTree = "<group>";
		};
		279438E821A6509E0066E7F5 /* Products */ = {
			isa = PBXGroup;
			children = (
				279438E721A6509E0066E7F5 /* WantToGo.app */,
				279438FB21A650A20066E7F5 /* WantToGoTests.xctest */,
				2794390621A650A20066E7F5 /* WantToGoUITests.xctest */,
			);
			name = Products;
			sourceTree = "<group>";
		};
		279438E921A6509E0066E7F5 /* WantToGo */ = {
			isa = PBXGroup;
			children = (
				2794392E21A930C50066E7F5 /* PrefixHeader.pch */,
				2794392F21A931FF0066E7F5 /* Logic.swift */,
				2797B08021ACEB6C00D47643 /* WGConstants.swift */,
				2794391921A6535B0066E7F5 /* Library */,
				2794391821A6533E0066E7F5 /* Source */,
				279438EA21A6509E0066E7F5 /* AppDelegate.swift */,
				279438EE21A6509E0066E7F5 /* Main.storyboard */,
				279438F121A650A20066E7F5 /* Assets.xcassets */,
				279438F321A650A20066E7F5 /* LaunchScreen.storyboard */,
				279438F621A650A20066E7F5 /* Info.plist */,
			);
			path = WantToGo;
			sourceTree = "<group>";
		};
		279438FE21A650A20066E7F5 /* WantToGoTests */ = {
			isa = PBXGroup;
			children = (
				279438FF21A650A20066E7F5 /* WantToGoTests.swift */,
				2794390121A650A20066E7F5 /* Info.plist */,
			);
			path = WantToGoTests;
			sourceTree = "<group>";
		};
		2794390921A650A20066E7F5 /* WantToGoUITests */ = {
			isa = PBXGroup;
			children = (
				2794390A21A650A20066E7F5 /* WantToGoUITests.swift */,
				2794390C21A650A20066E7F5 /* Info.plist */,
			);
			path = WantToGoUITests;
			sourceTree = "<group>";
		};
		2794391821A6533E0066E7F5 /* Source */ = {
			isa = PBXGroup;
			children = (
				2797B08521AD1BA300D47643 /* Mine */,
				2797B08421AD1B9800D47643 /* Guang */,
				2797B08321AD1B8D00D47643 /* Ta */,
				2797B08221AD1B7D00D47643 /* Designer */,
				2794393421A9474B0066E7F5 /* Theme */,
			);
			path = Source;
			sourceTree = "<group>";
		};
		2794391921A6535B0066E7F5 /* Library */ = {
			isa = PBXGroup;
			children = (
				2794393121A9407D0066E7F5 /* HUD */,
				2794392721A800D60066E7F5 /* Network */,
				2794392421A7D2AE0066E7F5 /* Catagory */,
				2794391B21A657790066E7F5 /* Base */,
				2794391A21A657530066E7F5 /* MYLCardPageView */,
			);
			path = Library;
			sourceTree = "<group>";
		};
		2794391A21A657530066E7F5 /* MYLCardPageView */ = {
			isa = PBXGroup;
			children = (
				2794392021A657D80066E7F5 /* MYLCardPageView.swift */,
				2794392221A690350066E7F5 /* MYLCardCollectionFlowLayout.swift */,
			);
			path = MYLCardPageView;
			sourceTree = "<group>";
		};
		2794391B21A657790066E7F5 /* Base */ = {
			isa = PBXGroup;
			children = (
				2794391C21A657AA0066E7F5 /* WGViewController.swift */,
				2794391E21A657BA0066E7F5 /* WGView.swift */,
				2794393821A958E50066E7F5 /* WGModel.swift */,
				2794393A21AA91C50066E7F5 /* WGWebViewController.swift */,
				2794393C21AAA4660066E7F5 /* MainTabBarController.swift */,
				2794393E21AAA74D0066E7F5 /* WGNavigationController.swift */,
			);
			path = Base;
			sourceTree = "<group>";
		};
		2794392421A7D2AE0066E7F5 /* Catagory */ = {
			isa = PBXGroup;
			children = (
				2794392521A7D2EA0066E7F5 /* NSString+Extension.swift */,
				2794394021AAAA8A0066E7F5 /* UIColor+Extention.swift */,
			);
			path = Catagory;
			sourceTree = "<group>";
		};
		2794392721A800D60066E7F5 /* Network */ = {
			isa = PBXGroup;
			children = (
				2794392821A802070066E7F5 /* NetworkAPI.swift */,
				2794392A21A802170066E7F5 /* NetworkManager.swift */,
				2794392C21A802620066E7F5 /* NetworkConfig.swift */,
			);
			path = Network;
			sourceTree = "<group>";
		};
		2794393121A9407D0066E7F5 /* HUD */ = {
			isa = PBXGroup;
			children = (
				2794393221A940AB0066E7F5 /* MYLProgressHUD.swift */,
			);
			path = HUD;
			sourceTree = "<group>";
		};
		2794393421A9474B0066E7F5 /* Theme */ = {
			isa = PBXGroup;
			children = (
				2797B07F21AB85DE00D47643 /* Controller */,
				2794393521A9475E0066E7F5 /* Model */,
			);
			path = Theme;
			sourceTree = "<group>";
		};
		2794393521A9475E0066E7F5 /* Model */ = {
			isa = PBXGroup;
			children = (
				2794393621A9476E0066E7F5 /* HomeTopicModel.swift */,
			);
			path = Model;
			sourceTree = "<group>";
		};
		2797B07F21AB85DE00D47643 /* Controller */ = {
			isa = PBXGroup;
			children = (
				2797B07D21AB85CB00D47643 /* WGThemeViewController.swift */,
			);
			path = Controller;
			sourceTree = "<group>";
		};
		2797B08221AD1B7D00D47643 /* Designer */ = {
			isa = PBXGroup;
			children = (
				2797B09121AD1E6700D47643 /* Controller */,
			);
			path = Designer;
			sourceTree = "<group>";
		};
		2797B08321AD1B8D00D47643 /* Ta */ = {
			isa = PBXGroup;
			children = (
				2797B09021AD1E5900D47643 /* Controller */,
			);
			path = Ta;
			sourceTree = "<group>";
		};
		2797B08421AD1B9800D47643 /* Guang */ = {
			isa = PBXGroup;
			children = (
				2797B08F21AD1E4D00D47643 /* Controller */,
			);
			path = Guang;
			sourceTree = "<group>";
		};
		2797B08521AD1BA300D47643 /* Mine */ = {
			isa = PBXGroup;
			children = (
				2797B08E21AD1E2D00D47643 /* Controller */,
			);
			path = Mine;
			sourceTree = "<group>";
		};
		2797B08E21AD1E2D00D47643 /* Controller */ = {
			isa = PBXGroup;
			children = (
				2797B08621AD1D2600D47643 /* MineViewController.swift */,
			);
			path = Controller;
			sourceTree = "<group>";
		};
		2797B08F21AD1E4D00D47643 /* Controller */ = {
			isa = PBXGroup;
			children = (
				2797B08821AD1DC800D47643 /* GuangViewController.swift */,
			);
			path = Controller;
			sourceTree = "<group>";
		};
		2797B09021AD1E5900D47643 /* Controller */ = {
			isa = PBXGroup;
			children = (
				2797B08A21AD1DD200D47643 /* TaViewController.swift */,
			);
			path = Controller;
			sourceTree = "<group>";
		};
		2797B09121AD1E6700D47643 /* Controller */ = {
			isa = PBXGroup;
			children = (
				2797B08C21AD1DDE00D47643 /* DesignerViewController.swift */,
			);
			path = Controller;
			sourceTree = "<group>";
		};
		65C17CC0A77246EC042E3731 /* Pods */ = {
			isa = PBXGroup;
			children = (
				9DE31279E3B54345098F3A81 /* Pods-WantToGo.debug.xcconfig */,
				45F6EC93358A37B138BE3108 /* Pods-WantToGo.release.xcconfig */,
			);
			name = Pods;
			sourceTree = "<group>";
		};
		990DC87642DD1788D6EFCADA /* Frameworks */ = {
			isa = PBXGroup;
			children = (
				180CD2991513CE0E96F9242E /* Pods_WantToGo.framework */,
			);
			name = Frameworks;
			sourceTree = "<group>";
		};
/* End PBXGroup section */

/* Begin PBXNativeTarget section */
		279438E621A6509E0066E7F5 /* WantToGo */ = {
			isa = PBXNativeTarget;
			buildConfigurationList = 2794390F21A650A20066E7F5 /* Build configuration list for PBXNativeTarget "WantToGo" */;
			buildPhases = (
				EF334DA79F937C77FB8DDC89 /* [CP] Check Pods Manifest.lock */,
				279438E321A6509E0066E7F5 /* Sources */,
				279438E421A6509E0066E7F5 /* Frameworks */,
				279438E521A6509E0066E7F5 /* Resources */,
				BBADC055D4235FC3E12C69B5 /* [CP] Embed Pods Frameworks */,
			);
			buildRules = (
			);
			dependencies = (
			);
			name = WantToGo;
			productName = WantToGo;
			productReference = 279438E721A6509E0066E7F5 /* WantToGo.app */;
			productType = "com.apple.product-type.application";
		};
		279438FA21A650A20066E7F5 /* WantToGoTests */ = {
			isa = PBXNativeTarget;
			buildConfigurationList = 2794391221A650A20066E7F5 /* Build configuration list for PBXNativeTarget "WantToGoTests" */;
			buildPhases = (
				279438F721A650A20066E7F5 /* Sources */,
				279438F821A650A20066E7F5 /* Frameworks */,
				279438F921A650A20066E7F5 /* Resources */,
			);
			buildRules = (
			);
			dependencies = (
				279438FD21A650A20066E7F5 /* PBXTargetDependency */,
			);
			name = WantToGoTests;
			productName = WantToGoTests;
			productReference = 279438FB21A650A20066E7F5 /* WantToGoTests.xctest */;
			productType = "com.apple.product-type.bundle.unit-test";
		};
		2794390521A650A20066E7F5 /* WantToGoUITests */ = {
			isa = PBXNativeTarget;
			buildConfigurationList = 2794391521A650A20066E7F5 /* Build configuration list for PBXNativeTarget "WantToGoUITests" */;
			buildPhases = (
				2794390221A650A20066E7F5 /* Sources */,
				2794390321A650A20066E7F5 /* Frameworks */,
				2794390421A650A20066E7F5 /* Resources */,
			);
			buildRules = (
			);
			dependencies = (
				2794390821A650A20066E7F5 /* PBXTargetDependency */,
			);
			name = WantToGoUITests;
			productName = WantToGoUITests;
			productReference = 2794390621A650A20066E7F5 /* WantToGoUITests.xctest */;
			productType = "com.apple.product-type.bundle.ui-testing";
		};
/* End PBXNativeTarget section */

/* Begin PBXProject section */
		279438DF21A6509E0066E7F5 /* Project object */ = {
			isa = PBXProject;
			attributes = {
				LastSwiftUpdateCheck = 1010;
				LastUpgradeCheck = 1010;
				ORGANIZATIONNAME = Muyuli;
				TargetAttributes = {
					279438E621A6509E0066E7F5 = {
						CreatedOnToolsVersion = 10.1;
					};
					279438FA21A650A20066E7F5 = {
						CreatedOnToolsVersion = 10.1;
						TestTargetID = 279438E621A6509E0066E7F5;
					};
					2794390521A650A20066E7F5 = {
						CreatedOnToolsVersion = 10.1;
						TestTargetID = 279438E621A6509E0066E7F5;
					};
				};
			};
			buildConfigurationList = 279438E221A6509E0066E7F5 /* Build configuration list for PBXProject "WantToGo" */;
			compatibilityVersion = "Xcode 9.3";
			developmentRegion = en;
			hasScannedForEncodings = 0;
			knownRegions = (
				en,
				Base,
			);
			mainGroup = 279438DE21A6509E0066E7F5;
			productRefGroup = 279438E821A6509E0066E7F5 /* Products */;
			projectDirPath = "";
			projectRoot = "";
			targets = (
				279438E621A6509E0066E7F5 /* WantToGo */,
				279438FA21A650A20066E7F5 /* WantToGoTests */,
				2794390521A650A20066E7F5 /* WantToGoUITests */,
			);
		};
/* End PBXProject section */

/* Begin PBXResourcesBuildPhase section */
		279438E521A6509E0066E7F5 /* Resources */ = {
			isa = PBXResourcesBuildPhase;
			buildActionMask = 2147483647;
			files = (
				279438F521A650A20066E7F5 /* LaunchScreen.storyboard in Resources */,
				279438F221A650A20066E7F5 /* Assets.xcassets in Resources */,
				279438F021A6509E0066E7F5 /* Main.storyboard in Resources */,
			);
			runOnlyForDeploymentPostprocessing = 0;
		};
		279438F921A650A20066E7F5 /* Resources */ = {
			isa = PBXResourcesBuildPhase;
			buildActionMask = 2147483647;
			files = (
			);
			runOnlyForDeploymentPostprocessing = 0;
		};
		2794390421A650A20066E7F5 /* Resources */ = {
			isa = PBXResourcesBuildPhase;
			buildActionMask = 2147483647;
			files = (
			);
			runOnlyForDeploymentPostprocessing = 0;
		};
/* End PBXResourcesBuildPhase section */

/* Begin PBXShellScriptBuildPhase section */
		BBADC055D4235FC3E12C69B5 /* [CP] Embed Pods Frameworks */ = {
			isa = PBXShellScriptBuildPhase;
			buildActionMask = 2147483647;
			files = (
			);
			inputFileListPaths = (
			);
			inputPaths = (
				"${SRCROOT}/Pods/Target Support Files/Pods-WantToGo/Pods-WantToGo-frameworks.sh",
				"${BUILT_PRODUCTS_DIR}/Alamofire/Alamofire.framework",
				"${BUILT_PRODUCTS_DIR}/CYLTabBarController/CYLTabBarController.framework",
				"${BUILT_PRODUCTS_DIR}/HandyJSON/HandyJSON.framework",
				"${BUILT_PRODUCTS_DIR}/Kingfisher/Kingfisher.framework",
				"${BUILT_PRODUCTS_DIR}/MYLCommonUI/MYLCommonUI.framework",
				"${BUILT_PRODUCTS_DIR}/Moya/Moya.framework",
				"${BUILT_PRODUCTS_DIR}/Result/Result.framework",
				"${BUILT_PRODUCTS_DIR}/SnapKit/SnapKit.framework",
			);
			name = "[CP] Embed Pods Frameworks";
			outputFileListPaths = (
			);
			outputPaths = (
				"${TARGET_BUILD_DIR}/${FRAMEWORKS_FOLDER_PATH}/Alamofire.framework",
				"${TARGET_BUILD_DIR}/${FRAMEWORKS_FOLDER_PATH}/CYLTabBarController.framework",
				"${TARGET_BUILD_DIR}/${FRAMEWORKS_FOLDER_PATH}/HandyJSON.framework",
				"${TARGET_BUILD_DIR}/${FRAMEWORKS_FOLDER_PATH}/Kingfisher.framework",
				"${TARGET_BUILD_DIR}/${FRAMEWORKS_FOLDER_PATH}/MYLCommonUI.framework",
				"${TARGET_BUILD_DIR}/${FRAMEWORKS_FOLDER_PATH}/Moya.framework",
				"${TARGET_BUILD_DIR}/${FRAMEWORKS_FOLDER_PATH}/Result.framework",
				"${TARGET_BUILD_DIR}/${FRAMEWORKS_FOLDER_PATH}/SnapKit.framework",
			);
			runOnlyForDeploymentPostprocessing = 0;
			shellPath = /bin/sh;
			shellScript = "\"${SRCROOT}/Pods/Target Support Files/Pods-WantToGo/Pods-WantToGo-frameworks.sh\"\n";
			showEnvVarsInLog = 0;
		};
		EF334DA79F937C77FB8DDC89 /* [CP] Check Pods Manifest.lock */ = {
			isa = PBXShellScriptBuildPhase;
			buildActionMask = 2147483647;
			files = (
			);
			inputFileListPaths = (
			);
			inputPaths = (
				"${PODS_PODFILE_DIR_PATH}/Podfile.lock",
				"${PODS_ROOT}/Manifest.lock",
			);
			name = "[CP] Check Pods Manifest.lock";
			outputFileListPaths = (
			);
			outputPaths = (
				"$(DERIVED_FILE_DIR)/Pods-WantToGo-checkManifestLockResult.txt",
			);
			runOnlyForDeploymentPostprocessing = 0;
			shellPath = /bin/sh;
			shellScript = "diff \"${PODS_PODFILE_DIR_PATH}/Podfile.lock\" \"${PODS_ROOT}/Manifest.lock\" > /dev/null\nif [ $? != 0 ] ; then\n    # print error to STDERR\n    echo \"error: The sandbox is not in sync with the Podfile.lock. Run 'pod install' or update your CocoaPods installation.\" >&2\n    exit 1\nfi\n# This output is used by Xcode 'outputs' to avoid re-running this script phase.\necho \"SUCCESS\" > \"${SCRIPT_OUTPUT_FILE_0}\"\n";
			showEnvVarsInLog = 0;
		};
/* End PBXShellScriptBuildPhase section */

/* Begin PBXSourcesBuildPhase section */
		279438E321A6509E0066E7F5 /* Sources */ = {
			isa = PBXSourcesBuildPhase;
			buildActionMask = 2147483647;
			files = (
				2794392B21A802170066E7F5 /* NetworkManager.swift in Sources */,
				2797B08121ACEB6D00D47643 /* WGConstants.swift in Sources */,
				2794393921A958E60066E7F5 /* WGModel.swift in Sources */,
				2794391F21A657BA0066E7F5 /* WGView.swift in Sources */,
				2794393721A9476E0066E7F5 /* HomeTopicModel.swift in Sources */,
				2794393321A940AB0066E7F5 /* MYLProgressHUD.swift in Sources */,
				2794393021A931FF0066E7F5 /* Logic.swift in Sources */,
				2794392621A7D2EA0066E7F5 /* NSString+Extension.swift in Sources */,
				2794391D21A657AA0066E7F5 /* WGViewController.swift in Sources */,
				2797B08D21AD1DDE00D47643 /* DesignerViewController.swift in Sources */,
				2794392121A657D80066E7F5 /* MYLCardPageView.swift in Sources */,
				2794393D21AAA4660066E7F5 /* MainTabBarController.swift in Sources */,
				2794393B21AA91C50066E7F5 /* WGWebViewController.swift in Sources */,
				2794394121AAAA8A0066E7F5 /* UIColor+Extention.swift in Sources */,
				2794393F21AAA74D0066E7F5 /* WGNavigationController.swift in Sources */,
				2794392D21A802620066E7F5 /* NetworkConfig.swift in Sources */,
				2797B07E21AB85CB00D47643 /* WGThemeViewController.swift in Sources */,
				2794392321A690350066E7F5 /* MYLCardCollectionFlowLayout.swift in Sources */,
				2797B08921AD1DC800D47643 /* GuangViewController.swift in Sources */,
				279438EB21A6509E0066E7F5 /* AppDelegate.swift in Sources */,
				2794392921A802070066E7F5 /* NetworkAPI.swift in Sources */,
				2797B08721AD1D2600D47643 /* MineViewController.swift in Sources */,
				2797B08B21AD1DD200D47643 /* TaViewController.swift in Sources */,
			);
			runOnlyForDeploymentPostprocessing = 0;
		};
		279438F721A650A20066E7F5 /* Sources */ = {
			isa = PBXSourcesBuildPhase;
			buildActionMask = 2147483647;
			files = (
				2794390021A650A20066E7F5 /* WantToGoTests.swift in Sources */,
			);
			runOnlyForDeploymentPostprocessing = 0;
		};
		2794390221A650A20066E7F5 /* Sources */ = {
			isa = PBXSourcesBuildPhase;
			buildActionMask = 2147483647;
			files = (
				2794390B21A650A20066E7F5 /* WantToGoUITests.swift in Sources */,
			);
			runOnlyForDeploymentPostprocessing = 0;
		};
/* End PBXSourcesBuildPhase section */

/* Begin PBXTargetDependency section */
		279438FD21A650A20066E7F5 /* PBXTargetDependency */ = {
			isa = PBXTargetDependency;
			target = 279438E621A6509E0066E7F5 /* WantToGo */;
			targetProxy = 279438FC21A650A20066E7F5 /* PBXContainerItemProxy */;
		};
		2794390821A650A20066E7F5 /* PBXTargetDependency */ = {
			isa = PBXTargetDependency;
			target = 279438E621A6509E0066E7F5 /* WantToGo */;
			targetProxy = 2794390721A650A20066E7F5 /* PBXContainerItemProxy */;
		};
/* End PBXTargetDependency section */

/* Begin PBXVariantGroup section */
		279438EE21A6509E0066E7F5 /* Main.storyboard */ = {
			isa = PBXVariantGroup;
			children = (
				279438EF21A6509E0066E7F5 /* Base */,
			);
			name = Main.storyboard;
			sourceTree = "<group>";
		};
		279438F321A650A20066E7F5 /* LaunchScreen.storyboard */ = {
			isa = PBXVariantGroup;
			children = (
				279438F421A650A20066E7F5 /* Base */,
			);
			name = LaunchScreen.storyboard;
			sourceTree = "<group>";
		};
/* End PBXVariantGroup section */

/* Begin XCBuildConfiguration section */
		2794390D21A650A20066E7F5 /* Debug */ = {
			isa = XCBuildConfiguration;
			buildSettings = {
				ALWAYS_SEARCH_USER_PATHS = NO;
				CLANG_ANALYZER_NONNULL = YES;
				CLANG_ANALYZER_NUMBER_OBJECT_CONVERSION = YES_AGGRESSIVE;
				CLANG_CXX_LANGUAGE_STANDARD = "gnu++14";
				CLANG_CXX_LIBRARY = "libc++";
				CLANG_ENABLE_MODULES = YES;
				CLANG_ENABLE_OBJC_ARC = YES;
				CLANG_ENABLE_OBJC_WEAK = YES;
				CLANG_WARN_BLOCK_CAPTURE_AUTORELEASING = YES;
				CLANG_WARN_BOOL_CONVERSION = YES;
				CLANG_WARN_COMMA = YES;
				CLANG_WARN_CONSTANT_CONVERSION = YES;
				CLANG_WARN_DEPRECATED_OBJC_IMPLEMENTATIONS = YES;
				CLANG_WARN_DIRECT_OBJC_ISA_USAGE = YES_ERROR;
				CLANG_WARN_DOCUMENTATION_COMMENTS = YES;
				CLANG_WARN_EMPTY_BODY = YES;
				CLANG_WARN_ENUM_CONVERSION = YES;
				CLANG_WARN_INFINITE_RECURSION = YES;
				CLANG_WARN_INT_CONVERSION = YES;
				CLANG_WARN_NON_LITERAL_NULL_CONVERSION = YES;
				CLANG_WARN_OBJC_IMPLICIT_RETAIN_SELF = YES;
				CLANG_WARN_OBJC_LITERAL_CONVERSION = YES;
				CLANG_WARN_OBJC_ROOT_CLASS = YES_ERROR;
				CLANG_WARN_RANGE_LOOP_ANALYSIS = YES;
				CLANG_WARN_STRICT_PROTOTYPES = YES;
				CLANG_WARN_SUSPICIOUS_MOVE = YES;
				CLANG_WARN_UNGUARDED_AVAILABILITY = YES_AGGRESSIVE;
				CLANG_WARN_UNREACHABLE_CODE = YES;
				CLANG_WARN__DUPLICATE_METHOD_MATCH = YES;
				CODE_SIGN_IDENTITY = "iPhone Developer";
				COPY_PHASE_STRIP = NO;
				DEBUG_INFORMATION_FORMAT = dwarf;
				ENABLE_STRICT_OBJC_MSGSEND = YES;
				ENABLE_TESTABILITY = YES;
				GCC_C_LANGUAGE_STANDARD = gnu11;
				GCC_DYNAMIC_NO_PIC = NO;
				GCC_NO_COMMON_BLOCKS = YES;
				GCC_OPTIMIZATION_LEVEL = 0;
				GCC_PREPROCESSOR_DEFINITIONS = (
					"DEBUG=1",
					"$(inherited)",
				);
				GCC_WARN_64_TO_32_BIT_CONVERSION = YES;
				GCC_WARN_ABOUT_RETURN_TYPE = YES_ERROR;
				GCC_WARN_UNDECLARED_SELECTOR = YES;
				GCC_WARN_UNINITIALIZED_AUTOS = YES_AGGRESSIVE;
				GCC_WARN_UNUSED_FUNCTION = YES;
				GCC_WARN_UNUSED_VARIABLE = YES;
				IPHONEOS_DEPLOYMENT_TARGET = 12.1;
				MTL_ENABLE_DEBUG_INFO = INCLUDE_SOURCE;
				MTL_FAST_MATH = YES;
				ONLY_ACTIVE_ARCH = YES;
				SDKROOT = iphoneos;
				SWIFT_ACTIVE_COMPILATION_CONDITIONS = DEBUG;
				SWIFT_OPTIMIZATION_LEVEL = "-Onone";
			};
			name = Debug;
		};
		2794390E21A650A20066E7F5 /* Release */ = {
			isa = XCBuildConfiguration;
			buildSettings = {
				ALWAYS_SEARCH_USER_PATHS = NO;
				CLANG_ANALYZER_NONNULL = YES;
				CLANG_ANALYZER_NUMBER_OBJECT_CONVERSION = YES_AGGRESSIVE;
				CLANG_CXX_LANGUAGE_STANDARD = "gnu++14";
				CLANG_CXX_LIBRARY = "libc++";
				CLANG_ENABLE_MODULES = YES;
				CLANG_ENABLE_OBJC_ARC = YES;
				CLANG_ENABLE_OBJC_WEAK = YES;
				CLANG_WARN_BLOCK_CAPTURE_AUTORELEASING = YES;
				CLANG_WARN_BOOL_CONVERSION = YES;
				CLANG_WARN_COMMA = YES;
				CLANG_WARN_CONSTANT_CONVERSION = YES;
				CLANG_WARN_DEPRECATED_OBJC_IMPLEMENTATIONS = YES;
				CLANG_WARN_DIRECT_OBJC_ISA_USAGE = YES_ERROR;
				CLANG_WARN_DOCUMENTATION_COMMENTS = YES;
				CLANG_WARN_EMPTY_BODY = YES;
				CLANG_WARN_ENUM_CONVERSION = YES;
				CLANG_WARN_INFINITE_RECURSION = YES;
				CLANG_WARN_INT_CONVERSION = YES;
				CLANG_WARN_NON_LITERAL_NULL_CONVERSION = YES;
				CLANG_WARN_OBJC_IMPLICIT_RETAIN_SELF = YES;
				CLANG_WARN_OBJC_LITERAL_CONVERSION = YES;
				CLANG_WARN_OBJC_ROOT_CLASS = YES_ERROR;
				CLANG_WARN_RANGE_LOOP_ANALYSIS = YES;
				CLANG_WARN_STRICT_PROTOTYPES = YES;
				CLANG_WARN_SUSPICIOUS_MOVE = YES;
				CLANG_WARN_UNGUARDED_AVAILABILITY = YES_AGGRESSIVE;
				CLANG_WARN_UNREACHABLE_CODE = YES;
				CLANG_WARN__DUPLICATE_METHOD_MATCH = YES;
				CODE_SIGN_IDENTITY = "iPhone Developer";
				COPY_PHASE_STRIP = NO;
				DEBUG_INFORMATION_FORMAT = "dwarf-with-dsym";
				ENABLE_NS_ASSERTIONS = NO;
				ENABLE_STRICT_OBJC_MSGSEND = YES;
				GCC_C_LANGUAGE_STANDARD = gnu11;
				GCC_NO_COMMON_BLOCKS = YES;
				GCC_WARN_64_TO_32_BIT_CONVERSION = YES;
				GCC_WARN_ABOUT_RETURN_TYPE = YES_ERROR;
				GCC_WARN_UNDECLARED_SELECTOR = YES;
				GCC_WARN_UNINITIALIZED_AUTOS = YES_AGGRESSIVE;
				GCC_WARN_UNUSED_FUNCTION = YES;
				GCC_WARN_UNUSED_VARIABLE = YES;
				IPHONEOS_DEPLOYMENT_TARGET = 12.1;
				MTL_ENABLE_DEBUG_INFO = NO;
				MTL_FAST_MATH = YES;
				SDKROOT = iphoneos;
				SWIFT_COMPILATION_MODE = wholemodule;
				SWIFT_OPTIMIZATION_LEVEL = "-O";
				VALIDATE_PRODUCT = YES;
			};
			name = Release;
		};
		2794391021A650A20066E7F5 /* Debug */ = {
			isa = XCBuildConfiguration;
			baseConfigurationReference = 9DE31279E3B54345098F3A81 /* Pods-WantToGo.debug.xcconfig */;
			buildSettings = {
				ASSETCATALOG_COMPILER_APPICON_NAME = AppIcon;
				ASSETCATALOG_COMPILER_LAUNCHIMAGE_NAME = LaunchImage;
				CODE_SIGN_STYLE = Automatic;
				DEVELOPMENT_TEAM = L47A7D74ZA;
				INFOPLIST_FILE = WantToGo/Info.plist;
				IPHONEOS_DEPLOYMENT_TARGET = 11.0;
				LD_RUNPATH_SEARCH_PATHS = (
					"$(inherited)",
					"@executable_path/Frameworks",
				);
				PRODUCT_BUNDLE_IDENTIFIER = MYL.WantToGo;
				PRODUCT_NAME = "$(TARGET_NAME)";
				SWIFT_VERSION = 4.2;
				TARGETED_DEVICE_FAMILY = 1;
			};
			name = Debug;
		};
		2794391121A650A20066E7F5 /* Release */ = {
			isa = XCBuildConfiguration;
			baseConfigurationReference = 45F6EC93358A37B138BE3108 /* Pods-WantToGo.release.xcconfig */;
			buildSettings = {
				ASSETCATALOG_COMPILER_APPICON_NAME = AppIcon;
				ASSETCATALOG_COMPILER_LAUNCHIMAGE_NAME = LaunchImage;
				CODE_SIGN_STYLE = Automatic;
				DEVELOPMENT_TEAM = L47A7D74ZA;
				INFOPLIST_FILE = WantToGo/Info.plist;
				IPHONEOS_DEPLOYMENT_TARGET = 11.0;
				LD_RUNPATH_SEARCH_PATHS = (
					"$(inherited)",
					"@executable_path/Frameworks",
				);
				PRODUCT_BUNDLE_IDENTIFIER = MYL.WantToGo;
				PRODUCT_NAME = "$(TARGET_NAME)";
				SWIFT_VERSION = 4.2;
				TARGETED_DEVICE_FAMILY = 1;
			};
			name = Release;
		};
		2794391321A650A20066E7F5 /* Debug */ = {
			isa = XCBuildConfiguration;
			buildSettings = {
				ALWAYS_EMBED_SWIFT_STANDARD_LIBRARIES = YES;
				BUNDLE_LOADER = "$(TEST_HOST)";
				CODE_SIGN_STYLE = Automatic;
				DEVELOPMENT_TEAM = L47A7D74ZA;
				INFOPLIST_FILE = WantToGoTests/Info.plist;
				LD_RUNPATH_SEARCH_PATHS = (
					"$(inherited)",
					"@executable_path/Frameworks",
					"@loader_path/Frameworks",
				);
				PRODUCT_BUNDLE_IDENTIFIER = MYL.WantToGoTests;
				PRODUCT_NAME = "$(TARGET_NAME)";
				SWIFT_VERSION = 4.2;
				TARGETED_DEVICE_FAMILY = "1,2";
				TEST_HOST = "$(BUILT_PRODUCTS_DIR)/WantToGo.app/WantToGo";
			};
			name = Debug;
		};
		2794391421A650A20066E7F5 /* Release */ = {
			isa = XCBuildConfiguration;
			buildSettings = {
				ALWAYS_EMBED_SWIFT_STANDARD_LIBRARIES = YES;
				BUNDLE_LOADER = "$(TEST_HOST)";
				CODE_SIGN_STYLE = Automatic;
				DEVELOPMENT_TEAM = L47A7D74ZA;
				INFOPLIST_FILE = WantToGoTests/Info.plist;
				LD_RUNPATH_SEARCH_PATHS = (
					"$(inherited)",
					"@executable_path/Frameworks",
					"@loader_path/Frameworks",
				);
				PRODUCT_BUNDLE_IDENTIFIER = MYL.WantToGoTests;
				PRODUCT_NAME = "$(TARGET_NAME)";
				SWIFT_VERSION = 4.2;
				TARGETED_DEVICE_FAMILY = "1,2";
				TEST_HOST = "$(BUILT_PRODUCTS_DIR)/WantToGo.app/WantToGo";
			};
			name = Release;
		};
		2794391621A650A20066E7F5 /* Debug */ = {
			isa = XCBuildConfiguration;
			buildSettings = {
				ALWAYS_EMBED_SWIFT_STANDARD_LIBRARIES = YES;
				CODE_SIGN_STYLE = Automatic;
				DEVELOPMENT_TEAM = L47A7D74ZA;
				INFOPLIST_FILE = WantToGoUITests/Info.plist;
				LD_RUNPATH_SEARCH_PATHS = (
					"$(inherited)",
					"@executable_path/Frameworks",
					"@loader_path/Frameworks",
				);
				PRODUCT_BUNDLE_IDENTIFIER = MYL.WantToGoUITests;
				PRODUCT_NAME = "$(TARGET_NAME)";
				SWIFT_VERSION = 4.2;
				TARGETED_DEVICE_FAMILY = "1,2";
				TEST_TARGET_NAME = WantToGo;
			};
			name = Debug;
		};
		2794391721A650A20066E7F5 /* Release */ = {
			isa = XCBuildConfiguration;
			buildSettings = {
				ALWAYS_EMBED_SWIFT_STANDARD_LIBRARIES = YES;
				CODE_SIGN_STYLE = Automatic;
				DEVELOPMENT_TEAM = L47A7D74ZA;
				INFOPLIST_FILE = WantToGoUITests/Info.plist;
				LD_RUNPATH_SEARCH_PATHS = (
					"$(inherited)",
					"@executable_path/Frameworks",
					"@loader_path/Frameworks",
				);
				PRODUCT_BUNDLE_IDENTIFIER = MYL.WantToGoUITests;
				PRODUCT_NAME = "$(TARGET_NAME)";
				SWIFT_VERSION = 4.2;
				TARGETED_DEVICE_FAMILY = "1,2";
				TEST_TARGET_NAME = WantToGo;
			};
			name = Release;
		};
/* End XCBuildConfiguration section */

/* Begin XCConfigurationList section */
		279438E221A6509E0066E7F5 /* Build configuration list for PBXProject "WantToGo" */ = {
			isa = XCConfigurationList;
			buildConfigurations = (
				2794390D21A650A20066E7F5 /* Debug */,
				2794390E21A650A20066E7F5 /* Release */,
			);
			defaultConfigurationIsVisible = 0;
			defaultConfigurationName = Release;
		};
		2794390F21A650A20066E7F5 /* Build configuration list for PBXNativeTarget "WantToGo" */ = {
			isa = XCConfigurationList;
			buildConfigurations = (
				2794391021A650A20066E7F5 /* Debug */,
				2794391121A650A20066E7F5 /* Release */,
			);
			defaultConfigurationIsVisible = 0;
			defaultConfigurationName = Release;
		};
		2794391221A650A20066E7F5 /* Build configuration list for PBXNativeTarget "WantToGoTests" */ = {
			isa = XCConfigurationList;
			buildConfigurations = (
				2794391321A650A20066E7F5 /* Debug */,
				2794391421A650A20066E7F5 /* Release */,
			);
			defaultConfigurationIsVisible = 0;
			defaultConfigurationName = Release;
		};
		2794391521A650A20066E7F5 /* Build configuration list for PBXNativeTarget "WantToGoUITests" */ = {
			isa = XCConfigurationList;
			buildConfigurations = (
				2794391621A650A20066E7F5 /* Debug */,
				2794391721A650A20066E7F5 /* Release */,
			);
			defaultConfigurationIsVisible = 0;
			defaultConfigurationName = Release;
		};
/* End XCConfigurationList section */
	};
	rootObject = 279438DF21A6509E0066E7F5 /* Project object */;
}
